{
  "version": "4",
  "remote": {
    "https://deno.land/std@0.209.0/assert/assert.ts": "e265ad50a9341f3b40e51dd4cb41ab253d976943ba78a977106950e52e0302ab",
    "https://deno.land/std@0.209.0/assert/assertion_error.ts": "26ed1863d905005f00785c89750c001c3522c5417e4f58f95044b8143cfc1593",
    "https://deno.land/std@0.209.0/csv/_io.ts": "5bfe70bfaae7bf642f0f178cbcd6fbd8105bb63ee3a487ee866009c2b13befc5",
    "https://deno.land/std@0.209.0/csv/csv_parse_stream.ts": "122840c0f83907c01cfc7d1f07ed6a5dc4e0efc9840d5acfb7bcf93b6040be3f",
    "https://deno.land/std@0.209.0/csv/csv_stringify_stream.ts": "d2bbec9bbdbf9dacab4b9f7e35d9c2b4f6b0f839d1291755702ae5f60ba3f71e",
    "https://deno.land/std@0.209.0/csv/mod.ts": "7559bf52e32848a55fb0522419167fae9b43b5a23a37d71c858dacb682726ee9",
    "https://deno.land/std@0.209.0/csv/parse.ts": "fe075f0e2be313fe278d287925e490c04e3cd88456d262deee0431cb04beaf9e",
    "https://deno.land/std@0.209.0/csv/stringify.ts": "f61627b78c1eb970e9af3b16e080a96f521021685878dad5c94d0c108fd3fdc3",
    "https://deno.land/std@0.209.0/streams/_common.ts": "3b2c1f0287ce2ad51fff4091a7d0f48375c85b0ec341468e76d5ac13bb0014dd",
    "https://deno.land/std@0.209.0/streams/text_delimiter_stream.ts": "58f00c97af9242ed46cca7090214682c3bc1fcb6506327d323fbb6aa31d390ca"
  },
  "workspace": {
    "packageJson": {
      "dependencies": [
        "npm:create-html@^4.1.0",
        "npm:fast-csv@^5.0.2",
        "npm:request-promise-native@^1.0.5",
        "npm:request@^2.88.0"
      ]
    }
  }
}
